// !$*UTF8*$!
{
	archiveVersion = 1;
	classes = {
	};
	objectVersion = 77;
	objects = {

/* Begin PBXBuildFile section */
		92DDDD432E7460EF00950A79 /* SwiftSoup in Frameworks */ = {isa = PBXBuildFile; productRef = 92DDDD422E7460EF00950A79 /* SwiftSoup */; };
/* End PBXBuildFile section */

/* Begin PBXContainerItemProxy section */
		6D6BE1DC2E72FA2F00B46B66 /* PBXContainerItemProxy */ = {
			isa = PBXContainerItemProxy;
			containerPortal = 6D6BE1C52E72FA2F00B46B66 /* Project object */;
			proxyType = 1;
			remoteGlobalIDString = 6D6BE1CC2E72FA2F00B46B66;
			remoteInfo = UniversitySchedule;
		};
		6D6BE1E62E72FA2F00B46B66 /* PBXContainerItemProxy */ = {
			isa = PBXContainerItemProxy;
			containerPortal = 6D6BE1C52E72FA2F00B46B66 /* Project object */;
			proxyType = 1;
			remoteGlobalIDString = 6D6BE1CC2E72FA2F00B46B66;
			remoteInfo = UniversitySchedule;
		};
/* End PBXContainerItemProxy section */

/* Begin PBXFileReference section */
		6D6BE1CD2E72FA2F00B46B66 /* UniversitySchedule.app */ = {isa = PBXFileReference; explicitFileType = wrapper.application; includeInIndex = 0; path = UniversitySchedule.app; sourceTree = BUILT_PRODUCTS_DIR; };
		6D6BE1DB2E72FA2F00B46B66 /* UniversityScheduleTests.xctest */ = {isa = PBXFileReference; explicitFileType = wrapper.cfbundle; includeInIndex = 0; path = UniversityScheduleTests.xctest; sourceTree = BUILT_PRODUCTS_DIR; };
		6D6BE1E52E72FA2F00B46B66 /* UniversityScheduleUITests.xctest */ = {isa = PBXFileReference; explicitFileType = wrapper.cfbundle; includeInIndex = 0; path = UniversityScheduleUITests.xctest; sourceTree = BUILT_PRODUCTS_DIR; };
/* End PBXFileReference section */

/* Begin PBXFileSystemSynchronizedRootGroup section */
		6D6BE1CF2E72FA2F00B46B66 /* UniversitySchedule */ = {
			isa = PBXFileSystemSynchronizedRootGroup;
			path = UniversitySchedule;
			sourceTree = "<group>";
		};
/* End PBXFileSystemSynchronizedRootGroup section */

/* Begin PBXFrameworksBuildPhase section */
		6D6BE1CA2E72FA2F00B46B66 /* Frameworks */ = {
			isa = PBXFrameworksBuildPhase;
			buildActionMask = 2147483647;
			files = (
				92DDDD432E7460EF00950A79 /* SwiftSoup in Frameworks */,
			);
			runOnlyForDeploymentPostprocessing = 0;
		};
		6D6BE1D82E72FA2F00B46B66 /* Frameworks */ = {
			isa = PBXFrameworksBuildPhase;
			buildActionMask = 2147483647;
			files = (
			);
			runOnlyForDeploymentPostprocessing = 0;
		};
		6D6BE1E22E72FA2F00B46B66 /* Frameworks */ = {
			isa = PBXFrameworksBuildPhase;
			buildActionMask = 2147483647;
			files = (
			);
			runOnlyForDeploymentPostprocessing = 0;
		};
/* End PBXFrameworksBuildPhase section */

/* Begin PBXGroup section */
		6D6BE1C42E72FA2E00B46B66 = {
			isa = PBXGroup;
			children = (
				6D6BE1CF2E72FA2F00B46B66 /* UniversitySchedule */,
				6D6BE1CE2E72FA2F00B46B66 /* Products */,
			);
			sourceTree = "<group>";
		};
		6D6BE1CE2E72FA2F00B46B66 /* Products */ = {
			isa = PBXGroup;
			children = (
				6D6BE1CD2E72FA2F00B46B66 /* UniversitySchedule.app */,
				6D6BE1DB2E72FA2F00B46B66 /* UniversityScheduleTests.xctest */,
				6D6BE1E52E72FA2F00B46B66 /* UniversityScheduleUITests.xctest */,
			);
			name = Products;
			sourceTree = "<group>";
		};
/* End PBXGroup section */

/* Begin PBXNativeTarget section */
		6D6BE1CC2E72FA2F00B46B66 /* UniversitySchedule */ = {
			isa = PBXNativeTarget;
			buildConfigurationList = 6D6BE1EF2E72FA2F00B46B66 /* Build configuration list for PBXNativeTarget "UniversitySchedule" */;
			buildPhases = (
				6D6BE1C92E72FA2F00B46B66 /* Sources */,
				6D6BE1CA2E72FA2F00B46B66 /* Frameworks */,
				6D6BE1CB2E72FA2F00B46B66 /* Resources */,
			);
			buildRules = (
			);
			dependencies = (
			);
			fileSystemSynchronizedGroups = (
				6D6BE1CF2E72FA2F00B46B66 /* UniversitySchedule */,
			);
			name = UniversitySchedule;
			packageProductDependencies = (
				92DDDD422E7460EF00950A79 /* SwiftSoup */,
			);
			productName = UniversitySchedule;
			productReference = 6D6BE1CD2E72FA2F00B46B66 /* UniversitySchedule.app */;
			productType = "com.apple.product-type.application";
		};
		6D6BE1DA2E72FA2F00B46B66 /* UniversityScheduleTests */ = {
			isa = PBXNativeTarget;
			buildConfigurationList = 6D6BE1F22E72FA2F00B46B66 /* Build configuration list for PBXNativeTarget "UniversityScheduleTests" */;
			buildPhases = (
				6D6BE1D72E72FA2F00B46B66 /* Sources */,
				6D6BE1D82E72FA2F00B46B66 /* Frameworks */,
				6D6BE1D92E72FA2F00B46B66 /* Resources */,
			);
			buildRules = (
			);
			dependencies = (
				6D6BE1DD2E72FA2F00B46B66 /* PBXTargetDependency */,
			);
			name = UniversityScheduleTests;
			packageProductDependencies = (
			);
			productName = UniversityScheduleTests;
			productReference = 6D6BE1DB2E72FA2F00B46B66 /* UniversityScheduleTests.xctest */;
			productType = "com.apple.product-type.bundle.unit-test";
		};
		6D6BE1E42E72FA2F00B46B66 /* UniversityScheduleUITests */ = {
			isa = PBXNativeTarget;
			buildConfigurationList = 6D6BE1F52E72FA2F00B46B66 /* Build configuration list for PBXNativeTarget "UniversityScheduleUITests" */;
			buildPhases = (
				6D6BE1E12E72FA2F00B46B66 /* Sources */,
				6D6BE1E22E72FA2F00B46B66 /* Frameworks */,
				6D6BE1E32E72FA2F00B46B66 /* Resources */,
			);
			buildRules = (
			);
			dependencies = (
				6D6BE1E72E72FA2F00B46B66 /* PBXTargetDependency */,
			);
			name = UniversityScheduleUITests;
			packageProductDependencies = (
			);
			productName = UniversityScheduleUITests;
			productReference = 6D6BE1E52E72FA2F00B46B66 /* UniversityScheduleUITests.xctest */;
			productType = "com.apple.product-type.bundle.ui-testing";
		};
/* End PBXNativeTarget section */

/* Begin PBXProject section */
		6D6BE1C52E72FA2F00B46B66 /* Project object */ = {
			isa = PBXProject;
			attributes = {
				BuildIndependentTargetsInParallel = 1;
				LastSwiftUpdateCheck = 1640;
				LastUpgradeCheck = 1640;
				TargetAttributes = {
					6D6BE1CC2E72FA2F00B46B66 = {
						CreatedOnToolsVersion = 16.4;
					};
					6D6BE1DA2E72FA2F00B46B66 = {
						CreatedOnToolsVersion = 16.4;
						TestTargetID = 6D6BE1CC2E72FA2F00B46B66;
					};
					6D6BE1E42E72FA2F00B46B66 = {
						CreatedOnToolsVersion = 16.4;
						TestTargetID = 6D6BE1CC2E72FA2F00B46B66;
					};
				};
			};
			buildConfigurationList = 6D6BE1C82E72FA2F00B46B66 /* Build configuration list for PBXProject "UniversitySchedule" */;
			developmentRegion = en;
			hasScannedForEncodings = 0;
			knownRegions = (
				en,
				Base,
			);
			mainGroup = 6D6BE1C42E72FA2E00B46B66;
			minimizedProjectReferenceProxies = 1;
			packageReferences = (
				92DDDD412E7460EF00950A79 /* XCRemoteSwiftPackageReference "SwiftSoup" */,
			);
			preferredProjectObjectVersion = 77;
			productRefGroup = 6D6BE1CE2E72FA2F00B46B66 /* Products */;
			projectDirPath = "";
			projectRoot = "";
			targets = (
				6D6BE1CC2E72FA2F00B46B66 /* UniversitySchedule */,
				6D6BE1DA2E72FA2F00B46B66 /* UniversityScheduleTests */,
				6D6BE1E42E72FA2F00B46B66 /* UniversityScheduleUITests */,
			);
		};
/* End PBXProject section */

/* Begin PBXResourcesBuildPhase section */
		6D6BE1CB2E72FA2F00B46B66 /* Resources */ = {
			isa = PBXResourcesBuildPhase;
			buildActionMask = 2147483647;
			files = (
			);
			runOnlyForDeploymentPostprocessing = 0;
		};
		6D6BE1D92E72FA2F00B46B66 /* Resources */ = {
			isa = PBXResourcesBuildPhase;
			buildActionMask = 2147483647;
			files = (
			);
			runOnlyForDeploymentPostprocessing = 0;
		};
		6D6BE1E32E72FA2F00B46B66 /* Resources */ = {
			isa = PBXResourcesBuildPhase;
			buildActionMask = 2147483647;
			files = (
			);
			runOnlyForDeploymentPostprocessing = 0;
		};
/* End PBXResourcesBuildPhase section */

/* Begin PBXSourcesBuildPhase section */
		6D6BE1C92E72FA2F00B46B66 /* Sources */ = {
			isa = PBXSourcesBuildPhase;
			buildActionMask = 2147483647;
			files = (
			);
			runOnlyForDeploymentPostprocessing = 0;
		};
		6D6BE1D72E72FA2F00B46B66 /* Sources */ = {
			isa = PBXSourcesBuildPhase;
			buildActionMask = 2147483647;
			files = (
			);
			runOnlyForDeploymentPostprocessing = 0;
		};
		6D6BE1E12E72FA2F00B46B66 /* Sources */ = {
			isa = PBXSourcesBuildPhase;
			buildActionMask = 2147483647;
			files = (
			);
			runOnlyForDeploymentPostprocessing = 0;
		};
/* End PBXSourcesBuildPhase section */

/* Begin PBXTargetDependency section */
		6D6BE1DD2E72FA2F00B46B66 /* PBXTargetDependency */ = {
			isa = PBXTargetDependency;
			target = 6D6BE1CC2E72FA2F00B46B66 /* UniversitySchedule */;
			targetProxy = 6D6BE1DC2E72FA2F00B46B66 /* PBXContainerItemProxy */;
		};
		6D6BE1E72E72FA2F00B46B66 /* PBXTargetDependency */ = {
			isa = PBXTargetDependency;
			target = 6D6BE1CC2E72FA2F00B46B66 /* UniversitySchedule */;
			targetProxy = 6D6BE1E62E72FA2F00B46B66 /* PBXContainerItemProxy */;
		};
/* End PBXTargetDependency section */

/* Begin XCBuildConfiguration section */
		6D6BE1ED2E72FA2F00B46B66 /* Debug */ = {
			isa = XCBuildConfiguration;
			buildSettings = {
				ALWAYS_SEARCH_USER_PATHS = NO;
				ASSETCATALOG_COMPILER_GENERATE_SWIFT_ASSET_SYMBOL_EXTENSIONS = YES;
				CLANG_ANALYZER_NONNULL = YES;
				CLANG_ANALYZER_NUMBER_OBJECT_CONVERSION = YES_AGGRESSIVE;
				CLANG_CXX_LANGUAGE_STANDARD = "gnu++20";
				CLANG_ENABLE_MODULES = YES;
				CLANG_ENABLE_OBJC_ARC = YES;
				CLANG_ENABLE_OBJC_WEAK = YES;
				CLANG_WARN_BLOCK_CAPTURE_AUTORELEASING = YES;
				CLANG_WARN_BOOL_CONVERSION = YES;
				CLANG_WARN_COMMA = YES;
				CLANG_WARN_CONSTANT_CONVERSION = YES;
				CLANG_WARN_DEPRECATED_OBJC_IMPLEMENTATIONS = YES;
				CLANG_WARN_DIRECT_OBJC_ISA_USAGE = YES_ERROR;
				CLANG_WARN_DOCUMENTATION_COMMENTS = YES;
				CLANG_WARN_EMPTY_BODY = YES;
				CLANG_WARN_ENUM_CONVERSION = YES;
				CLANG_WARN_INFINITE_RECURSION = YES;
				CLANG_WARN_INT_CONVERSION = YES;
				CLANG_WARN_NON_LITERAL_NULL_CONVERSION = YES;
				CLANG_WARN_OBJC_IMPLICIT_RETAIN_SELF = YES;
				CLANG_WARN_OBJC_LITERAL_CONVERSION = YES;
				CLANG_WARN_OBJC_ROOT_CLASS = YES_ERROR;
				CLANG_WARN_QUOTED_INCLUDE_IN_FRAMEWORK_HEADER = YES;
				CLANG_WARN_RANGE_LOOP_ANALYSIS = YES;
				CLANG_WARN_STRICT_PROTOTYPES = YES;
				CLANG_WARN_SUSPICIOUS_MOVE = YES;
				CLANG_WARN_UNGUARDED_AVAILABILITY = YES_AGGRESSIVE;
				CLANG_WARN_UNREACHABLE_CODE = YES;
				CLANG_WARN__DUPLICATE_METHOD_MATCH = YES;
				COPY_PHASE_STRIP = NO;
				DEBUG_INFORMATION_FORMAT = dwarf;
				ENABLE_STRICT_OBJC_MSGSEND = YES;
				ENABLE_TESTABILITY = YES;
				ENABLE_USER_SCRIPT_SANDBOXING = YES;
				GCC_C_LANGUAGE_STANDARD = gnu17;
				GCC_DYNAMIC_NO_PIC = NO;
				GCC_NO_COMMON_BLOCKS = YES;
				GCC_OPTIMIZATION_LEVEL = 0;
				GCC_PREPROCESSOR_DEFINITIONS = (
					"DEBUG=1",
					"$(inherited)",
				);
				GCC_WARN_64_TO_32_BIT_CONVERSION = YES;
				GCC_WARN_ABOUT_RETURN_TYPE = YES_ERROR;
				GCC_WARN_UNDECLARED_SELECTOR = YES;
				GCC_WARN_UNINITIALIZED_AUTOS = YES_AGGRESSIVE;
				GCC_WARN_UNUSED_FUNCTION = YES;
				GCC_WARN_UNUSED_VARIABLE = YES;
				LOCALIZATION_PREFERS_STRING_CATALOGS = YES;
				MACOSX_DEPLOYMENT_TARGET = 15.5;
				MTL_ENABLE_DEBUG_INFO = INCLUDE_SOURCE;
				MTL_FAST_MATH = YES;
				ONLY_ACTIVE_ARCH = YES;
				SDKROOT = macosx;
				SWIFT_ACTIVE_COMPILATION_CONDITIONS = "DEBUG $(inherited)";
				SWIFT_OPTIMIZATION_LEVEL = "-Onone";
			};
			name = Debug;
		};
		6D6BE1EE2E72FA2F00B46B66 /* Release */ = {
			isa = XCBuildConfiguration;
			buildSettings = {
				ALWAYS_SEARCH_USER_PATHS = NO;
				ASSETCATALOG_COMPILER_GENERATE_SWIFT_ASSET_SYMBOL_EXTENSIONS = YES;
				CLANG_ANALYZER_NONNULL = YES;
				CLANG_ANALYZER_NUMBER_OBJECT_CONVERSION = YES_AGGRESSIVE;
				CLANG_CXX_LANGUAGE_STANDARD = "gnu++20";
				CLANG_ENABLE_MODULES = YES;
				CLANG_ENABLE_OBJC_ARC = YES;
				CLANG_ENABLE_OBJC_WEAK = YES;
				CLANG_WARN_BLOCK_CAPTURE_AUTORELEASING = YES;
				CLANG_WARN_BOOL_CONVERSION = YES;
				CLANG_WARN_COMMA = YES;
				CLANG_WARN_CONSTANT_CONVERSION = YES;
				CLANG_WARN_DEPRECATED_OBJC_IMPLEMENTATIONS = YES;
				CLANG_WARN_DIRECT_OBJC_ISA_USAGE = YES_ERROR;
				CLANG_WARN_DOCUMENTATION_COMMENTS = YES;
				CLANG_WARN_EMPTY_BODY = YES;
				CLANG_WARN_ENUM_CONVERSION = YES;
				CLANG_WARN_INFINITE_RECURSION = YES;
				CLANG_WARN_INT_CONVERSION = YES;
				CLANG_WARN_NON_LITERAL_NULL_CONVERSION = YES;
				CLANG_WARN_OBJC_IMPLICIT_RETAIN_SELF = YES;
				CLANG_WARN_OBJC_LITERAL_CONVERSION = YES;
				CLANG_WARN_OBJC_ROOT_CLASS = YES_ERROR;
				CLANG_WARN_QUOTED_INCLUDE_IN_FRAMEWORK_HEADER = YES;
				CLANG_WARN_RANGE_LOOP_ANALYSIS = YES;
				CLANG_WARN_STRICT_PROTOTYPES = YES;
				CLANG_WARN_SUSPICIOUS_MOVE = YES;
				CLANG_WARN_UNGUARDED_AVAILABILITY = YES_AGGRESSIVE;
				CLANG_WARN_UNREACHABLE_CODE = YES;
				CLANG_WARN__DUPLICATE_METHOD_MATCH = YES;
				COPY_PHASE_STRIP = NO;
				DEBUG_INFORMATION_FORMAT = "dwarf-with-dsym";
				ENABLE_NS_ASSERTIONS = NO;
				ENABLE_STRICT_OBJC_MSGSEND = YES;
				ENABLE_USER_SCRIPT_SANDBOXING = YES;
				GCC_C_LANGUAGE_STANDARD = gnu17;
				GCC_NO_COMMON_BLOCKS = YES;
				GCC_WARN_64_TO_32_BIT_CONVERSION = YES;
				GCC_WARN_ABOUT_RETURN_TYPE = YES_ERROR;
				GCC_WARN_UNDECLARED_SELECTOR = YES;
				GCC_WARN_UNINITIALIZED_AUTOS = YES_AGGRESSIVE;
				GCC_WARN_UNUSED_FUNCTION = YES;
				GCC_WARN_UNUSED_VARIABLE = YES;
				LOCALIZATION_PREFERS_STRING_CATALOGS = YES;
				MACOSX_DEPLOYMENT_TARGET = 15.5;
				MTL_ENABLE_DEBUG_INFO = NO;
				MTL_FAST_MATH = YES;
				SDKROOT = macosx;
				SWIFT_COMPILATION_MODE = wholemodule;
			};
			name = Release;
		};
		6D6BE1F02E72FA2F00B46B66 /* Debug */ = {
			isa = XCBuildConfiguration;
			buildSettings = {
				ASSETCATALOG_COMPILER_APPICON_NAME = AppIcon;
				ASSETCATALOG_COMPILER_GLOBAL_ACCENT_COLOR_NAME = AccentColor;
				CODE_SIGN_ENTITLEMENTS = UniversitySchedule/UniversitySchedule.entitlements;
				CODE_SIGN_STYLE = Automatic;
				COMBINE_HIDPI_IMAGES = YES;
				CURRENT_PROJECT_VERSION = 1;
				ENABLE_PREVIEWS = YES;
				GENERATE_INFOPLIST_FILE = YES;
				INFOPLIST_KEY_LSUIElement = YES;
				INFOPLIST_KEY_NSHumanReadableCopyright = "";
				LD_RUNPATH_SEARCH_PATHS = (
					"$(inherited)",
					"@executable_path/../Frameworks",
				);
				MARKETING_VERSION = 1.0;
				PRODUCT_BUNDLE_IDENTIFIER = nezqt3.UniversitySchedule;
				PRODUCT_NAME = "$(TARGET_NAME)";
				REGISTER_APP_GROUPS = YES;
				SWIFT_EMIT_LOC_STRINGS = YES;
				SWIFT_VERSION = 5.0;
			};
			name = Debug;
		};
		6D6BE1F12E72FA2F00B46B66 /* Release */ = {
			isa = XCBuildConfiguration;
			buildSettings = {
				ASSETCATALOG_COMPILER_APPICON_NAME = AppIcon;
				ASSETCATALOG_COMPILER_GLOBAL_ACCENT_COLOR_NAME = AccentColor;
				CODE_SIGN_ENTITLEMENTS = UniversitySchedule/UniversitySchedule.entitlements;
				CODE_SIGN_STYLE = Automatic;
				COMBINE_HIDPI_IMAGES = YES;
				CURRENT_PROJECT_VERSION = 1;
				ENABLE_PREVIEWS = YES;
				GENERATE_INFOPLIST_FILE = YES;
				INFOPLIST_KEY_LSUIElement = YES;
				INFOPLIST_KEY_NSHumanReadableCopyright = "";
				LD_RUNPATH_SEARCH_PATHS = (
					"$(inherited)",
					"@executable_path/../Frameworks",
				);
				MARKETING_VERSION = 1.0;
				PRODUCT_BUNDLE_IDENTIFIER = nezqt3.UniversitySchedule;
				PRODUCT_NAME = "$(TARGET_NAME)";
				REGISTER_APP_GROUPS = YES;
				SWIFT_EMIT_LOC_STRINGS = YES;
				SWIFT_VERSION = 5.0;
			};
			name = Release;
		};
		6D6BE1F32E72FA2F00B46B66 /* Debug */ = {
			isa = XCBuildConfiguration;
			buildSettings = {
				BUNDLE_LOADER = "$(TEST_HOST)";
				CODE_SIGN_STYLE = Automatic;
				CURRENT_PROJECT_VERSION = 1;
				GENERATE_INFOPLIST_FILE = YES;
				MACOSX_DEPLOYMENT_TARGET = 15.5;
				MARKETING_VERSION = 1.0;
				PRODUCT_BUNDLE_IDENTIFIER = nezqt3.UniversityScheduleTests;
				PRODUCT_NAME = "$(TARGET_NAME)";
				SWIFT_EMIT_LOC_STRINGS = NO;
				SWIFT_VERSION = 5.0;
				TEST_HOST = "$(BUILT_PRODUCTS_DIR)/UniversitySchedule.app/$(BUNDLE_EXECUTABLE_FOLDER_PATH)/UniversitySchedule";
			};
			name = Debug;
		};
		6D6BE1F42E72FA2F00B46B66 /* Release */ = {
			isa = XCBuildConfiguration;
			buildSettings = {
				BUNDLE_LOADER = "$(TEST_HOST)";
				CODE_SIGN_STYLE = Automatic;
				CURRENT_PROJECT_VERSION = 1;
				GENERATE_INFOPLIST_FILE = YES;
				MACOSX_DEPLOYMENT_TARGET = 15.5;
				MARKETING_VERSION = 1.0;
				PRODUCT_BUNDLE_IDENTIFIER = nezqt3.UniversityScheduleTests;
				PRODUCT_NAME = "$(TARGET_NAME)";
				SWIFT_EMIT_LOC_STRINGS = NO;
				SWIFT_VERSION = 5.0;
				TEST_HOST = "$(BUILT_PRODUCTS_DIR)/UniversitySchedule.app/$(BUNDLE_EXECUTABLE_FOLDER_PATH)/UniversitySchedule";
			};
			name = Release;
		};
		6D6BE1F62E72FA2F00B46B66 /* Debug */ = {
			isa = XCBuildConfiguration;
			buildSettings = {
				CODE_SIGN_STYLE = Automatic;
				CURRENT_PROJECT_VERSION = 1;
				GENERATE_INFOPLIST_FILE = YES;
				MARKETING_VERSION = 1.0;
				PRODUCT_BUNDLE_IDENTIFIER = nezqt3.UniversityScheduleUITests;
				PRODUCT_NAME = "$(TARGET_NAME)";
				SWIFT_EMIT_LOC_STRINGS = NO;
				SWIFT_VERSION = 5.0;
				TEST_TARGET_NAME = UniversitySchedule;
			};
			name = Debug;
		};
		6D6BE1F72E72FA2F00B46B66 /* Release */ = {
			isa = XCBuildConfiguration;
			buildSettings = {
				CODE_SIGN_STYLE = Automatic;
				CURRENT_PROJECT_VERSION = 1;
				GENERATE_INFOPLIST_FILE = YES;
				MARKETING_VERSION = 1.0;
				PRODUCT_BUNDLE_IDENTIFIER = nezqt3.UniversityScheduleUITests;
				PRODUCT_NAME = "$(TARGET_NAME)";
				SWIFT_EMIT_LOC_STRINGS = NO;
				SWIFT_VERSION = 5.0;
				TEST_TARGET_NAME = UniversitySchedule;
			};
			name = Release;
		};
/* End XCBuildConfiguration section */

/* Begin XCConfigurationList section */
		6D6BE1C82E72FA2F00B46B66 /* Build configuration list for PBXProject "UniversitySchedule" */ = {
			isa = XCConfigurationList;
			buildConfigurations = (
				6D6BE1ED2E72FA2F00B46B66 /* Debug */,
				6D6BE1EE2E72FA2F00B46B66 /* Release */,
			);
			defaultConfigurationIsVisible = 0;
			defaultConfigurationName = Release;
		};
		6D6BE1EF2E72FA2F00B46B66 /* Build configuration list for PBXNativeTarget "UniversitySchedule" */ = {
			isa = XCConfigurationList;
			buildConfigurations = (
				6D6BE1F02E72FA2F00B46B66 /* Debug */,
				6D6BE1F12E72FA2F00B46B66 /* Release */,
			);
			defaultConfigurationIsVisible = 0;
			defaultConfigurationName = Release;
		};
		6D6BE1F22E72FA2F00B46B66 /* Build configuration list for PBXNativeTarget "UniversityScheduleTests" */ = {
			isa = XCConfigurationList;
			buildConfigurations = (
				6D6BE1F32E72FA2F00B46B66 /* Debug */,
				6D6BE1F42E72FA2F00B46B66 /* Release */,
			);
			defaultConfigurationIsVisible = 0;
			defaultConfigurationName = Release;
		};
		6D6BE1F52E72FA2F00B46B66 /* Build configuration list for PBXNativeTarget "UniversityScheduleUITests" */ = {
			isa = XCConfigurationList;
			buildConfigurations = (
				6D6BE1F62E72FA2F00B46B66 /* Debug */,
				6D6BE1F72E72FA2F00B46B66 /* Release */,
			);
			defaultConfigurationIsVisible = 0;
			defaultConfigurationName = Release;
		};
/* End XCConfigurationList section */

/* Begin XCRemoteSwiftPackageReference section */
		92DDDD412E7460EF00950A79 /* XCRemoteSwiftPackageReference "SwiftSoup" */ = {
			isa = XCRemoteSwiftPackageReference;
			repositoryURL = "https://github.com/scinfu/SwiftSoup";
			requirement = {
				kind = upToNextMajorVersion;
				minimumVersion = 2.11.0;
			};
		};
/* End XCRemoteSwiftPackageReference section */

/* Begin XCSwiftPackageProductDependency section */
		92DDDD422E7460EF00950A79 /* SwiftSoup */ = {
			isa = XCSwiftPackageProductDependency;
			package = 92DDDD412E7460EF00950A79 /* XCRemoteSwiftPackageReference "SwiftSoup" */;
			productName = SwiftSoup;
		};
/* End XCSwiftPackageProductDependency section */
	};
	rootObject = 6D6BE1C52E72FA2F00B46B66 /* Project object */;
}
